
Microsoft Visual Studio Solution File, Format Version 12.00
# Visual Studio Version 16
VisualStudioVersion = 16.0.31205.134
MinimumVisualStudioVersion = 10.0.40219.1
Project("{FAE04EC0-301F-11D3-BF4B-00C04F79EFBC}") = "ToyStore", "ToyStore\ToyStore.csproj", "{50BCCDD8-7BC3-48E9-9CFB-D1DF7434D9DC}"
EndProject
Global
	GlobalSection(SolutionConfigurationPlatforms) = preSolution
		Debug|Any CPU = Debug|Any CPU
		Release|Any CPU = Release|Any CPU
	EndGlobalSection
	GlobalSection(ProjectConfigurationPlatforms) = postSolution
		{50BCCDD8-7BC3-48E9-9CFB-D1DF7434D9DC}.Debug|Any CPU.ActiveCfg = Debug|Any CPU
		{50BCCDD8-7BC3-48E9-9CFB-D1DF7434D9DC}.Debug|Any CPU.Build.0 = Debug|Any CPU
		{50BCCDD8-7BC3-48E9-9CFB-D1DF7434D9DC}.Release|Any CPU.ActiveCfg = Release|Any CPU
		{50BCCDD8-7BC3-48E9-9CFB-D1DF7434D9DC}.Release|Any CPU.Build.0 = Release|Any CPU
	EndGlobalSection
	GlobalSection(SolutionProperties) = preSolution
		HideSolutionNode = FALSE
	EndGlobalSection
	GlobalSection(ExtensibilityGlobals) = postSolution
		SolutionGuid = {EAC577B6-B8CC-42B7-9A48-3E71E65944F8}
	EndGlobalSection
EndGlobal
